
Microsoft Visual Studio Solution File, Format Version 12.00
# Visual Studio Version 17
VisualStudioVersion = 17.0.31903.59
MinimumVisualStudioVersion = 10.0.40219.1
Project("{2150E333-8FDC-42A3-9474-1A3956D46DE8}") = "src", "src", "{9D0C3111-1F8B-4288-A745-59C43101339A}"
EndProject
Project("{F2A71F9B-5D33-465A-A702-920D77279786}") = "AlasdairCooper.PasswordGenerator.App", "src\AlasdairCooper.PasswordGenerator.App\AlasdairCooper.PasswordGenerator.App.fsproj", "{26CC5752-75AA-4C28-A313-720F25BBE34C}"
EndProject
Project("{FAE04EC0-301F-11D3-BF4B-00C04F79EFBC}") = "AlasdairCooper.PasswordGenerator.Core", "src\AlasdairCooper.PasswordGenerator.Core\AlasdairCooper.PasswordGenerator.Core.csproj", "{FC86A876-9977-4799-9553-122E7B1F2AD7}"
EndProject
Global
	GlobalSection(SolutionConfigurationPlatforms) = preSolution
		Debug|Any CPU = Debug|Any CPU
		Release|Any CPU = Release|Any CPU
	EndGlobalSection
	GlobalSection(SolutionProperties) = preSolution
		HideSolutionNode = FALSE
	EndGlobalSection
	GlobalSection(ProjectConfigurationPlatforms) = postSolution
		{26CC5752-75AA-4C28-A313-720F25BBE34C}.Debug|Any CPU.ActiveCfg = Debug|Any CPU
		{26CC5752-75AA-4C28-A313-720F25BBE34C}.Debug|Any CPU.Build.0 = Debug|Any CPU
		{26CC5752-75AA-4C28-A313-720F25BBE34C}.Release|Any CPU.ActiveCfg = Release|Any CPU
		{26CC5752-75AA-4C28-A313-720F25BBE34C}.Release|Any CPU.Build.0 = Release|Any CPU
		{FC86A876-9977-4799-9553-122E7B1F2AD7}.Debug|Any CPU.ActiveCfg = Debug|Any CPU
		{FC86A876-9977-4799-9553-122E7B1F2AD7}.Debug|Any CPU.Build.0 = Debug|Any CPU
		{FC86A876-9977-4799-9553-122E7B1F2AD7}.Release|Any CPU.ActiveCfg = Release|Any CPU
		{FC86A876-9977-4799-9553-122E7B1F2AD7}.Release|Any CPU.Build.0 = Release|Any CPU
	EndGlobalSection
	GlobalSection(NestedProjects) = preSolution
		{26CC5752-75AA-4C28-A313-720F25BBE34C} = {9D0C3111-1F8B-4288-A745-59C43101339A}
		{FC86A876-9977-4799-9553-122E7B1F2AD7} = {9D0C3111-1F8B-4288-A745-59C43101339A}
	EndGlobalSection
EndGlobal
